
Microsoft Visual Studio Solution File, Format Version 12.00
# Visual Studio Version 16
VisualStudioVersion = 16.0.29318.209
MinimumVisualStudioVersion = 15.0.26124.0
Project("{9A19103F-16F7-4668-BE54-9A1E7A4F7556}") = "Mjolnir.Cake", "src\Mjolnir.Cake\Mjolnir.Cake.csproj", "{4DF654F2-723F-4431-95AC-CAF1860294C5}"
EndProject
Global
	GlobalSection(SolutionConfigurationPlatforms) = preSolution
		Debug|Any CPU = Debug|Any CPU
		Debug|x64 = Debug|x64
		Debug|x86 = Debug|x86
		Release|Any CPU = Release|Any CPU
		Release|x64 = Release|x64
		Release|x86 = Release|x86
	EndGlobalSection
	GlobalSection(ProjectConfigurationPlatforms) = postSolution
		{4DF654F2-723F-4431-95AC-CAF1860294C5}.Debug|Any CPU.ActiveCfg = Debug|Any CPU
		{4DF654F2-723F-4431-95AC-CAF1860294C5}.Debug|Any CPU.Build.0 = Debug|Any CPU
		{4DF654F2-723F-4431-95AC-CAF1860294C5}.Debug|x64.ActiveCfg = Debug|Any CPU
		{4DF654F2-723F-4431-95AC-CAF1860294C5}.Debug|x64.Build.0 = Debug|Any CPU
		{4DF654F2-723F-4431-95AC-CAF1860294C5}.Debug|x86.ActiveCfg = Debug|Any CPU
		{4DF654F2-723F-4431-95AC-CAF1860294C5}.Debug|x86.Build.0 = Debug|Any CPU
		{4DF654F2-723F-4431-95AC-CAF1860294C5}.Release|Any CPU.ActiveCfg = Release|Any CPU
		{4DF654F2-723F-4431-95AC-CAF1860294C5}.Release|Any CPU.Build.0 = Release|Any CPU
		{4DF654F2-723F-4431-95AC-CAF1860294C5}.Release|x64.ActiveCfg = Release|Any CPU
		{4DF654F2-723F-4431-95AC-CAF1860294C5}.Release|x64.Build.0 = Release|Any CPU
		{4DF654F2-723F-4431-95AC-CAF1860294C5}.Release|x86.ActiveCfg = Release|Any CPU
		{4DF654F2-723F-4431-95AC-CAF1860294C5}.Release|x86.Build.0 = Release|Any CPU
	EndGlobalSection
	GlobalSection(SolutionProperties) = preSolution
		HideSolutionNode = FALSE
	EndGlobalSection
	GlobalSection(ExtensibilityGlobals) = postSolution
		SolutionGuid = {BE40EE20-8422-440E-B354-E1D3F2CEA238}
	EndGlobalSection
EndGlobal
